github.com/amupxm/xmus-router v0.0.0-20210812131647-4efcde2a7a5c/go.mod h1:Iw2g6sRDPLaQKt4uN+GeacAo1IykNue7kVJpwuNRE8A=
github.com/amupxm/xmus-router/middleware/logger v0.0.0-20210812131415-bce167a1aa3e h1:3A/Tqa7PFoyLPYrISY2r9KuHu4Gc4a2hGJYv60XZmeA=
github.com/amupxm/xmus-router/middleware/logger v0.0.0-20210812131415-bce167a1aa3e/go.mod h1:SBa859i97/IlZzDwnIcIbbYOVa1q79dg+7z6BJKTt7w=
github.com/amupxm/xmus-router/middleware/logger v0.0.0-20210812132454-38d2ae4c5ced h1:i/ucInwYjW85j3cC5+d0uiX4Bb314ra6wYA796IeGuU=
github.com/amupxm/xmus-router/middleware/logger v0.0.0-20210812132454-38d2ae4c5ced/go.mod h1:gdpZBVnzMpxUIi8VvxXndKtbDErsRLB9nhFgvnWUHdA=
