github.com/amupxm/xmus-router v0.0.0-20210812131647-4efcde2a7a5c h1:qLaT6LBZLP0YoMhxGBjXoba4cJloTYe2bV2sGILH9mw=
github.com/amupxm/xmus-router v0.0.0-20210812131647-4efcde2a7a5c/go.mod h1:Iw2g6sRDPLaQKt4uN+GeacAo1IykNue7kVJpwuNRE8A=
github.com/amupxm/xmus-router/middleware/logger v0.0.0-20210812131415-bce167a1aa3e/go.mod h1:SBa859i97/IlZzDwnIcIbbYOVa1q79dg+7z6BJKTt7w=
