github.com/amupxm/xmus-router v0.0.0-20210812132454-38d2ae4c5ced h1:1NpSOrXKFY/p+Sb3G8XUyatZI7nTc40f2xHwfHpI9Os=
github.com/amupxm/xmus-router v0.0.0-20210812132454-38d2ae4c5ced/go.mod h1:Iw2g6sRDPLaQKt4uN+GeacAo1IykNue7kVJpwuNRE8A=
github.com/amupxm/xmus-router/middleware/logger v0.0.0-20210812131415-bce167a1aa3e/go.mod h1:SBa859i97/IlZzDwnIcIbbYOVa1q79dg+7z6BJKTt7w=
